
Microsoft Visual Studio Solution File, Format Version 12.00
Project("{FAE04EC0-301F-11D3-BF4B-00C04F79EFBC}") = "RiotConnector", "RiotConnector\RiotConnector.csproj", "{A1BE58DF-50FF-4514-95AF-301E50B5B06A}"
EndProject
Global
	GlobalSection(SolutionConfigurationPlatforms) = preSolution
		Debug|Any CPU = Debug|Any CPU
		Release|Any CPU = Release|Any CPU
	EndGlobalSection
	GlobalSection(ProjectConfigurationPlatforms) = postSolution
		{A1BE58DF-50FF-4514-95AF-301E50B5B06A}.Debug|Any CPU.ActiveCfg = Debug|Any CPU
		{A1BE58DF-50FF-4514-95AF-301E50B5B06A}.Debug|Any CPU.Build.0 = Debug|Any CPU
		{A1BE58DF-50FF-4514-95AF-301E50B5B06A}.Release|Any CPU.ActiveCfg = Release|Any CPU
		{A1BE58DF-50FF-4514-95AF-301E50B5B06A}.Release|Any CPU.Build.0 = Release|Any CPU
	EndGlobalSection
EndGlobal
